
Microsoft Visual Studio Solution File, Format Version 12.00
# Visual Studio Version 17
VisualStudioVersion = 17.7.34202.233
MinimumVisualStudioVersion = 10.0.40219.1
Project("{8BC9CEB8-8B4A-11D0-8D11-00A0C91BC942}") = "test_1_3_1", "test_1_3_1\test_1_3_1.vcxproj", "{21C034C3-67F9-4515-8994-532AC85D24D1}"
EndProject
Global
	GlobalSection(SolutionConfigurationPlatforms) = preSolution
		Debug|x64 = Debug|x64
		Debug|x86 = Debug|x86
		Release|x64 = Release|x64
		Release|x86 = Release|x86
	EndGlobalSection
	GlobalSection(ProjectConfigurationPlatforms) = postSolution
		{21C034C3-67F9-4515-8994-532AC85D24D1}.Debug|x64.ActiveCfg = Debug|x64
		{21C034C3-67F9-4515-8994-532AC85D24D1}.Debug|x64.Build.0 = Debug|x64
		{21C034C3-67F9-4515-8994-532AC85D24D1}.Debug|x86.ActiveCfg = Debug|Win32
		{21C034C3-67F9-4515-8994-532AC85D24D1}.Debug|x86.Build.0 = Debug|Win32
		{21C034C3-67F9-4515-8994-532AC85D24D1}.Release|x64.ActiveCfg = Release|x64
		{21C034C3-67F9-4515-8994-532AC85D24D1}.Release|x64.Build.0 = Release|x64
		{21C034C3-67F9-4515-8994-532AC85D24D1}.Release|x86.ActiveCfg = Release|Win32
		{21C034C3-67F9-4515-8994-532AC85D24D1}.Release|x86.Build.0 = Release|Win32
	EndGlobalSection
	GlobalSection(SolutionProperties) = preSolution
		HideSolutionNode = FALSE
	EndGlobalSection
	GlobalSection(ExtensibilityGlobals) = postSolution
		SolutionGuid = {9D625248-9FD4-4125-B292-DE7CB9D66B2B}
	EndGlobalSection
EndGlobal
